{
  "version": 4,
  "terraform_version": "0.13.4",
  "serial": 1,
  "lineage": "db63442e-da1e-b882-069a-212f5a62a7e0",
  "outputs": {},
  "resources": [
    {
      "mode": "managed",
      "type": "proxmox_vm_qemu",
      "name": "tfvm",
      "provider": "provider[\"registry.terraform.io/telmate/proxmox\"]",
      "instances": [
        {
          "schema_version": 0,
          "attributes": {
            "additional_wait": 5,
            "agent": 0,
            "args": "",
            "automatic_reboot": true,
            "balloon": 0,
            "bios": "seabios",
            "boot": "order=ide2;net0",
            "bootdisk": "",
            "bridge": null,
            "ci_wait": null,
            "cicustom": "",
            "cipassword": "",
            "ciuser": "",
            "clone": "template-suse",
            "clone_wait": 10,
            "cloudinit_cdrom_storage": "",
            "cores": 1,
            "cpu": "host",
            "default_ipv4_address": null,
            "define_connection_info": true,
            "desc": "",
            "disk": [],
            "disk_gb": null,
            "disks": [],
            "efidisk": [],
            "force_create": false,
            "force_recreate_on_change_of": null,
            "full_clone": true,
            "guest_agent_ready_timeout": 100,
            "hagroup": "",
            "hastate": "",
            "hostpci": [],
            "hotplug": "network,disk,usb",
            "id": "mynet/qemu/154",
            "ipconfig0": "",
            "ipconfig1": "",
            "ipconfig10": "",
            "ipconfig11": "",
            "ipconfig12": "",
            "ipconfig13": "",
            "ipconfig14": "",
            "ipconfig15": "",
            "ipconfig2": "",
            "ipconfig3": "",
            "ipconfig4": "",
            "ipconfig5": "",
            "ipconfig6": "",
            "ipconfig7": "",
            "ipconfig8": "",
            "ipconfig9": "",
            "iso": "",
            "kvm": true,
            "linked_vmid": 0,
            "mac": null,
            "machine": "",
            "memory": 512,
            "name": "tf-vm",
            "nameserver": "",
            "network": [
              {
                "bridge": "vmbr0",
                "firewall": true,
                "link_down": false,
                "macaddr": "8A:2E:C4:EF:2E:88",
                "model": "vmxnet3",
                "mtu": 0,
                "queues": 0,
                "rate": 0,
                "tag": -1
              }
            ],
            "nic": null,
            "numa": false,
            "onboot": false,
            "oncreate": false,
            "os_network_config": null,
            "os_type": null,
            "pool": "",
            "preprovision": true,
            "pxe": null,
            "qemu_os": "l26",
            "reboot_required": false,
            "scsihw": "lsi",
            "searchdomain": "",
            "serial": [],
            "smbios": [
              {
                "family": "",
                "manufacturer": "",
                "product": "",
                "serial": "",
                "sku": "",
                "uuid": "012ac078-ddc0-4c43-b1de-74f78a479e99",
                "version": ""
              }
            ],
            "sockets": 1,
            "ssh_forward_ip": null,
            "ssh_host": null,
            "ssh_port": null,
            "ssh_private_key": null,
            "ssh_user": null,
            "sshkeys": "",
            "startup": "",
            "storage": null,
            "storage_type": null,
            "tablet": true,
            "tags": "",
            "target_node": "mynet",
            "target_nodes": null,
            "timeouts": null,
            "unused_disk": [
              {
                "file": "vm-154-disk-0",
                "slot": 0,
                "storage": "local-lvm"
              }
            ],
            "usb": [],
            "vcpus": 0,
            "vga": [],
            "vlan": -1,
            "vm_state": "running",
            "vmid": null
          },
          "private": "eyJlMmJmYjczMC1lY2FhLTExZTYtOGY4OC0zNDM2M2JjN2M0YzAiOnsiY3JlYXRlIjoxMjAwMDAwMDAwMDAwLCJkZWZhdWx0IjoxMjAwMDAwMDAwMDAwLCJkZWxldGUiOjEyMDAwMDAwMDAwMDAsInJlYWQiOjEyMDAwMDAwMDAwMDAsInVwZGF0ZSI6MTIwMDAwMDAwMDAwMH19"
        }
      ]
    }
  ]
}
